
Microsoft Visual Studio Solution File, Format Version 12.00
# Visual Studio Version 17
VisualStudioVersion = 17.14.36429.23 d17.14
MinimumVisualStudioVersion = 10.0.40219.1
Project("{8BC9CEB8-8B4A-11D0-8D11-00A0C91BC942}") = "BSAi-25019_Chess-Phase_5", "BSAi-25019_Chess-Phase_5.vcxproj", "{2793FCE2-6432-4425-8907-F12A7310AE24}"
EndProject
Project("{911E67C6-3D85-4FCE-B560-20A9C3E3FF48}") = "stockfish.exe", "..\..\Stockfish\stockfish-windows-x86-64-avx2\stockfish\stockfish.exe.exe", "{E83D1439-9BE1-27F6-0F89-E1F691C535CB}"
	ProjectSection(DebuggerProjectSystem) = preProject
		PortSupplier = 00000000-0000-0000-0000-000000000000
		Executable = D:\Stockfish\stockfish-windows-x86-64-avx2\stockfish\stockfish.exe.exe
		RemoteMachine = DESKTOP-R7SPIQE
		StartingDirectory = D:\Stockfish\stockfish-windows-x86-64-avx2\stockfish
		Environment = Default
		LaunchingEngine = 00000000-0000-0000-0000-000000000000
		UseLegacyDebugEngines = No
		LaunchSQLEngine = No
		AttachLaunchAction = No
		IORedirection = Auto
	EndProjectSection
EndProject
Global
	GlobalSection(SolutionConfigurationPlatforms) = preSolution
		Debug|x64 = Debug|x64
		Debug|x86 = Debug|x86
		Release|x64 = Release|x64
		Release|x86 = Release|x86
	EndGlobalSection
	GlobalSection(ProjectConfigurationPlatforms) = postSolution
		{2793FCE2-6432-4425-8907-F12A7310AE24}.Debug|x64.ActiveCfg = Debug|x64
		{2793FCE2-6432-4425-8907-F12A7310AE24}.Debug|x64.Build.0 = Debug|x64
		{2793FCE2-6432-4425-8907-F12A7310AE24}.Debug|x86.ActiveCfg = Debug|Win32
		{2793FCE2-6432-4425-8907-F12A7310AE24}.Debug|x86.Build.0 = Debug|Win32
		{2793FCE2-6432-4425-8907-F12A7310AE24}.Release|x64.ActiveCfg = Release|x64
		{2793FCE2-6432-4425-8907-F12A7310AE24}.Release|x64.Build.0 = Release|x64
		{2793FCE2-6432-4425-8907-F12A7310AE24}.Release|x86.ActiveCfg = Release|Win32
		{2793FCE2-6432-4425-8907-F12A7310AE24}.Release|x86.Build.0 = Release|Win32
		{E83D1439-9BE1-27F6-0F89-E1F691C535CB}.Debug|x64.ActiveCfg = Release|x64
		{E83D1439-9BE1-27F6-0F89-E1F691C535CB}.Debug|x86.ActiveCfg = Release|x64
		{E83D1439-9BE1-27F6-0F89-E1F691C535CB}.Release|x64.ActiveCfg = Release|x64
		{E83D1439-9BE1-27F6-0F89-E1F691C535CB}.Release|x86.ActiveCfg = Release|x64
	EndGlobalSection
	GlobalSection(SolutionProperties) = preSolution
		HideSolutionNode = FALSE
	EndGlobalSection
	GlobalSection(ExtensibilityGlobals) = postSolution
		SolutionGuid = {67FB5749-D3C5-4BA7-9FC5-28E09B44972F}
	EndGlobalSection
EndGlobal
